
Microsoft Visual Studio Solution File, Format Version 12.00
# Visual Studio Version 16
VisualStudioVersion = 16.0.810.14
MinimumVisualStudioVersion = 10.0.40219.1
Project("{FAE04EC0-301F-11D3-BF4B-00C04F79EFBC}") = "Leaning", "Leaning\Leaning.csproj", "{FE4FAFD3-CBC3-4196-9996-3AEA364C9F0C}"
EndProject
Global
	GlobalSection(SolutionConfigurationPlatforms) = preSolution
		Debug|Any CPU = Debug|Any CPU
		Release|Any CPU = Release|Any CPU
	EndGlobalSection
	GlobalSection(ProjectConfigurationPlatforms) = postSolution
		{FE4FAFD3-CBC3-4196-9996-3AEA364C9F0C}.Debug|Any CPU.ActiveCfg = Debug|Any CPU
		{FE4FAFD3-CBC3-4196-9996-3AEA364C9F0C}.Debug|Any CPU.Build.0 = Debug|Any CPU
		{FE4FAFD3-CBC3-4196-9996-3AEA364C9F0C}.Release|Any CPU.ActiveCfg = Release|Any CPU
		{FE4FAFD3-CBC3-4196-9996-3AEA364C9F0C}.Release|Any CPU.Build.0 = Release|Any CPU
	EndGlobalSection
	GlobalSection(SolutionProperties) = preSolution
		HideSolutionNode = FALSE
	EndGlobalSection
	GlobalSection(ExtensibilityGlobals) = postSolution
		SolutionGuid = {54F44BF7-2B98-4FF9-A463-E59746E362F2}
	EndGlobalSection
EndGlobal
